
Microsoft Visual Studio Solution File, Format Version 12.00
# Visual Studio 15
VisualStudioVersion = 15.0.28307.168
MinimumVisualStudioVersion = 10.0.40219.1
Project("{FAE04EC0-301F-11D3-BF4B-00C04F79EFBC}") = "Estoril TI", "Estoril TI\Estoril TI.csproj", "{03F39FA2-AD07-4D6E-9AD3-1A8FE314781B}"
EndProject
Global
	GlobalSection(SolutionConfigurationPlatforms) = preSolution
		Debug|Any CPU = Debug|Any CPU
		Release|Any CPU = Release|Any CPU
	EndGlobalSection
	GlobalSection(ProjectConfigurationPlatforms) = postSolution
		{03F39FA2-AD07-4D6E-9AD3-1A8FE314781B}.Debug|Any CPU.ActiveCfg = Debug|Any CPU
		{03F39FA2-AD07-4D6E-9AD3-1A8FE314781B}.Debug|Any CPU.Build.0 = Debug|Any CPU
		{03F39FA2-AD07-4D6E-9AD3-1A8FE314781B}.Release|Any CPU.ActiveCfg = Release|Any CPU
		{03F39FA2-AD07-4D6E-9AD3-1A8FE314781B}.Release|Any CPU.Build.0 = Release|Any CPU
	EndGlobalSection
	GlobalSection(SolutionProperties) = preSolution
		HideSolutionNode = FALSE
	EndGlobalSection
	GlobalSection(ExtensibilityGlobals) = postSolution
		SolutionGuid = {C072AB23-F4AF-429F-B73E-4C610B18670A}
	EndGlobalSection
EndGlobal
